// !$*UTF8*$!
{
	archiveVersion = 1;
	classes = {
	};
	objectVersion = 46;
	objects = {

/* Begin PBXBuildFile section */
		4A216BD41A3807C40055300E /* generate-constants in Resources */ = {isa = PBXBuildFile; fileRef = 4A216BD01A3807C40055300E /* generate-constants */; };
		4A216BD51A3807C40055300E /* provisiontype in Resources */ = {isa = PBXBuildFile; fileRef = 4A216BD11A3807C40055300E /* provisiontype */; };
		4A216BD61A3807C40055300E /* setEnv-Example.sh in Resources */ = {isa = PBXBuildFile; fileRef = 4A216BD21A3807C40055300E /* setEnv-Example.sh */; };
		4A216BD71A3807C40055300E /* setEnv.sh in Resources */ = {isa = PBXBuildFile; fileRef = 4A216BD31A3807C40055300E /* setEnv.sh */; };
		4A216BDB1A3808970055300E /* GeneratedConstants.m in Sources */ = {isa = PBXBuildFile; fileRef = 4A216BDA1A3808970055300E /* GeneratedConstants.m */; };
		4A3435811A2E593D0060C15E /* AppDelegate.m in Sources */ = {isa = PBXBuildFile; fileRef = 4A3435771A2E593D0060C15E /* AppDelegate.m */; };
		4A3435841A2E593D0060C15E /* Images.xcassets in Resources */ = {isa = PBXBuildFile; fileRef = 4A34357C1A2E593D0060C15E /* Images.xcassets */; };
		4A3435861A2E593D0060C15E /* main.m in Sources */ = {isa = PBXBuildFile; fileRef = 4A34357E1A2E593D0060C15E /* main.m */; };
		4A3435871A2E593D0060C15E /* ViewController.m in Sources */ = {isa = PBXBuildFile; fileRef = 4A3435801A2E593D0060C15E /* ViewController.m */; };
		4A34358D1A2E59930060C15E /* GiraffTests.m in Sources */ = {isa = PBXBuildFile; fileRef = 4A34358B1A2E59930060C15E /* GiraffTests.m */; };
		4A3435901A2E5ADF0060C15E /* LaunchScreen.xib in Resources */ = {isa = PBXBuildFile; fileRef = 4A3435781A2E593D0060C15E /* LaunchScreen.xib */; };
		4A3435911A2E5ADF0060C15E /* Main.storyboard in Resources */ = {isa = PBXBuildFile; fileRef = 4A34357A1A2E593D0060C15E /* Main.storyboard */; };
		DBAAFBD1FDB5893F78C36B2E /* libPods.a in Frameworks */ = {isa = PBXBuildFile; fileRef = 90817C457C9BA06A99DD597A /* libPods.a */; };
/* End PBXBuildFile section */

/* Begin PBXContainerItemProxy section */
		4AFCA4FE1A22222500F98D06 /* PBXContainerItemProxy */ = {
			isa = PBXContainerItemProxy;
			containerPortal = 4AFCA4DC1A22222500F98D06 /* Project object */;
			proxyType = 1;
			remoteGlobalIDString = 4AFCA4E31A22222500F98D06;
			remoteInfo = Giraff;
		};
/* End PBXContainerItemProxy section */

/* Begin PBXFileReference section */
		0BB53468B56A59C844580B35 /* Pods.release.xcconfig */ = {isa = PBXFileReference; includeInIndex = 1; lastKnownFileType = text.xcconfig; name = Pods.release.xcconfig; path = "Pods/Target Support Files/Pods/Pods.release.xcconfig"; sourceTree = "<group>"; };
		4A216BD01A3807C40055300E /* generate-constants */ = {isa = PBXFileReference; fileEncoding = 4; lastKnownFileType = text.script.sh; path = "generate-constants"; sourceTree = "<group>"; };
		4A216BD11A3807C40055300E /* provisiontype */ = {isa = PBXFileReference; fileEncoding = 4; lastKnownFileType = text.script.sh; path = provisiontype; sourceTree = "<group>"; };
		4A216BD21A3807C40055300E /* setEnv-Example.sh */ = {isa = PBXFileReference; fileEncoding = 4; lastKnownFileType = text.script.sh; path = "setEnv-Example.sh"; sourceTree = "<group>"; };
		4A216BD31A3807C40055300E /* setEnv.sh */ = {isa = PBXFileReference; fileEncoding = 4; lastKnownFileType = text.script.sh; path = setEnv.sh; sourceTree = "<group>"; };
		4A216BD81A3807FC0055300E /* GeneratedConstants.h */ = {isa = PBXFileReference; lastKnownFileType = sourcecode.c.h; path = GeneratedConstants.h; sourceTree = "<group>"; };
		4A216BDA1A3808970055300E /* GeneratedConstants.m */ = {isa = PBXFileReference; fileEncoding = 4; lastKnownFileType = sourcecode.c.objc; name = GeneratedConstants.m; path = "derived-sources/GeneratedConstants.m"; sourceTree = SOURCE_ROOT; };
		4A3435761A2E593D0060C15E /* AppDelegate.h */ = {isa = PBXFileReference; fileEncoding = 4; lastKnownFileType = sourcecode.c.h; path = AppDelegate.h; sourceTree = "<group>"; };
		4A3435771A2E593D0060C15E /* AppDelegate.m */ = {isa = PBXFileReference; fileEncoding = 4; lastKnownFileType = sourcecode.c.objc; path = AppDelegate.m; sourceTree = "<group>"; };
		4A3435791A2E593D0060C15E /* Base */ = {isa = PBXFileReference; lastKnownFileType = file.xib; name = Base; path = Base.lproj/LaunchScreen.xib; sourceTree = "<group>"; };
		4A34357B1A2E593D0060C15E /* Base */ = {isa = PBXFileReference; lastKnownFileType = file.storyboard; name = Base; path = Base.lproj/Main.storyboard; sourceTree = "<group>"; };
		4A34357C1A2E593D0060C15E /* Images.xcassets */ = {isa = PBXFileReference; lastKnownFileType = folder.assetcatalog; path = Images.xcassets; sourceTree = "<group>"; };
		4A34357D1A2E593D0060C15E /* Info.plist */ = {isa = PBXFileReference; fileEncoding = 4; lastKnownFileType = text.plist.xml; path = Info.plist; sourceTree = "<group>"; };
		4A34357E1A2E593D0060C15E /* main.m */ = {isa = PBXFileReference; fileEncoding = 4; lastKnownFileType = sourcecode.c.objc; path = main.m; sourceTree = "<group>"; };
		4A34357F1A2E593D0060C15E /* ViewController.h */ = {isa = PBXFileReference; fileEncoding = 4; lastKnownFileType = sourcecode.c.h; path = ViewController.h; sourceTree = "<group>"; };
		4A3435801A2E593D0060C15E /* ViewController.m */ = {isa = PBXFileReference; fileEncoding = 4; lastKnownFileType = sourcecode.c.objc; path = ViewController.m; sourceTree = "<group>"; };
		4A34358B1A2E59930060C15E /* GiraffTests.m */ = {isa = PBXFileReference; fileEncoding = 4; lastKnownFileType = sourcecode.c.objc; path = GiraffTests.m; sourceTree = "<group>"; };
		4A34358C1A2E59930060C15E /* Info.plist */ = {isa = PBXFileReference; fileEncoding = 4; lastKnownFileType = text.plist.xml; path = Info.plist; sourceTree = "<group>"; };
		4AFCA4E41A22222500F98D06 /* Giraff.app */ = {isa = PBXFileReference; explicitFileType = wrapper.application; includeInIndex = 0; path = Giraff.app; sourceTree = BUILT_PRODUCTS_DIR; };
		4AFCA4FD1A22222500F98D06 /* GiraffTests.xctest */ = {isa = PBXFileReference; explicitFileType = wrapper.cfbundle; includeInIndex = 0; path = GiraffTests.xctest; sourceTree = BUILT_PRODUCTS_DIR; };
		90817C457C9BA06A99DD597A /* libPods.a */ = {isa = PBXFileReference; explicitFileType = archive.ar; includeInIndex = 0; path = libPods.a; sourceTree = BUILT_PRODUCTS_DIR; };
		E81BA114A014E40594EAED7D /* Pods.debug.xcconfig */ = {isa = PBXFileReference; includeInIndex = 1; lastKnownFileType = text.xcconfig; name = Pods.debug.xcconfig; path = "Pods/Target Support Files/Pods/Pods.debug.xcconfig"; sourceTree = "<group>"; };
/* End PBXFileReference section */

/* Begin PBXFrameworksBuildPhase section */
		4AFCA4E11A22222500F98D06 /* Frameworks */ = {
			isa = PBXFrameworksBuildPhase;
			buildActionMask = 2147483647;
			files = (
				DBAAFBD1FDB5893F78C36B2E /* libPods.a in Frameworks */,
			);
			runOnlyForDeploymentPostprocessing = 0;
		};
		4AFCA4FA1A22222500F98D06 /* Frameworks */ = {
			isa = PBXFrameworksBuildPhase;
			buildActionMask = 2147483647;
			files = (
			);
			runOnlyForDeploymentPostprocessing = 0;
		};
/* End PBXFrameworksBuildPhase section */

/* Begin PBXGroup section */
		1EE334736A783A08472425FF /* Frameworks */ = {
			isa = PBXGroup;
			children = (
				90817C457C9BA06A99DD597A /* libPods.a */,
			);
			name = Frameworks;
			sourceTree = "<group>";
		};
		4A216BCF1A3807C40055300E /* bin */ = {
			isa = PBXGroup;
			children = (
				4A216BD01A3807C40055300E /* generate-constants */,
				4A216BD11A3807C40055300E /* provisiontype */,
				4A216BD21A3807C40055300E /* setEnv-Example.sh */,
				4A216BD31A3807C40055300E /* setEnv.sh */,
			);
			path = bin;
			sourceTree = "<group>";
		};
		4A3435751A2E593D0060C15E /* Giraff */ = {
			isa = PBXGroup;
			children = (
				4A216BD81A3807FC0055300E /* GeneratedConstants.h */,
				4A216BDA1A3808970055300E /* GeneratedConstants.m */,
				4A3435761A2E593D0060C15E /* AppDelegate.h */,
				4A3435771A2E593D0060C15E /* AppDelegate.m */,
				4A3435781A2E593D0060C15E /* LaunchScreen.xib */,
				4A34357A1A2E593D0060C15E /* Main.storyboard */,
				4A34357C1A2E593D0060C15E /* Images.xcassets */,
				4A34357D1A2E593D0060C15E /* Info.plist */,
				4A34357E1A2E593D0060C15E /* main.m */,
				4A34357F1A2E593D0060C15E /* ViewController.h */,
				4A3435801A2E593D0060C15E /* ViewController.m */,
			);
			path = Giraff;
			sourceTree = "<group>";
		};
		4A34358A1A2E59930060C15E /* GiraffTests */ = {
			isa = PBXGroup;
			children = (
				4A34358B1A2E59930060C15E /* GiraffTests.m */,
				4A34358C1A2E59930060C15E /* Info.plist */,
			);
			path = GiraffTests;
			sourceTree = SOURCE_ROOT;
		};
		4AFCA4DB1A22222500F98D06 = {
			isa = PBXGroup;
			children = (
				4A216BCF1A3807C40055300E /* bin */,
				4A3435751A2E593D0060C15E /* Giraff */,
				4A34358A1A2E59930060C15E /* GiraffTests */,
				4AFCA4E51A22222500F98D06 /* Products */,
				C976F17A36C181597B271E24 /* Pods */,
				1EE334736A783A08472425FF /* Frameworks */,
			);
			sourceTree = "<group>";
		};
		4AFCA4E51A22222500F98D06 /* Products */ = {
			isa = PBXGroup;
			children = (
				4AFCA4E41A22222500F98D06 /* Giraff.app */,
				4AFCA4FD1A22222500F98D06 /* GiraffTests.xctest */,
			);
			name = Products;
			sourceTree = "<group>";
		};
		C976F17A36C181597B271E24 /* Pods */ = {
			isa = PBXGroup;
			children = (
				E81BA114A014E40594EAED7D /* Pods.debug.xcconfig */,
				0BB53468B56A59C844580B35 /* Pods.release.xcconfig */,
			);
			name = Pods;
			sourceTree = "<group>";
		};
/* End PBXGroup section */

/* Begin PBXNativeTarget section */
		4AFCA4E31A22222500F98D06 /* Giraff */ = {
			isa = PBXNativeTarget;
			buildConfigurationList = 4AFCA5071A22222500F98D06 /* Build configuration list for PBXNativeTarget "Giraff" */;
			buildPhases = (
				76CE0A8C95474B0F6D55CD51 /* Check Pods Manifest.lock */,
				4A216BD91A38083D0055300E /* Generete Sources */,
				4AFCA4E01A22222500F98D06 /* Sources */,
				4AFCA4E11A22222500F98D06 /* Frameworks */,
				4AFCA4E21A22222500F98D06 /* Resources */,
				5EE90DD7A40C05767A4CEF83 /* Copy Pods Resources */,
				4A216BDC1A38270B0055300E /* Upload Symbol files to Parse */,
			);
			buildRules = (
			);
			dependencies = (
			);
			name = Giraff;
			productName = Giraff;
			productReference = 4AFCA4E41A22222500F98D06 /* Giraff.app */;
			productType = "com.apple.product-type.application";
		};
		4AFCA4FC1A22222500F98D06 /* GiraffTests */ = {
			isa = PBXNativeTarget;
			buildConfigurationList = 4AFCA50A1A22222500F98D06 /* Build configuration list for PBXNativeTarget "GiraffTests" */;
			buildPhases = (
				4AFCA4F91A22222500F98D06 /* Sources */,
				4AFCA4FA1A22222500F98D06 /* Frameworks */,
				4AFCA4FB1A22222500F98D06 /* Resources */,
			);
			buildRules = (
			);
			dependencies = (
				4AFCA4FF1A22222500F98D06 /* PBXTargetDependency */,
			);
			name = GiraffTests;
			productName = GiraffTests;
			productReference = 4AFCA4FD1A22222500F98D06 /* GiraffTests.xctest */;
			productType = "com.apple.product-type.bundle.unit-test";
		};
/* End PBXNativeTarget section */

/* Begin PBXProject section */
		4AFCA4DC1A22222500F98D06 /* Project object */ = {
			isa = PBXProject;
			attributes = {
				LastUpgradeCheck = 0610;
				ORGANIZATIONNAME = Assembly;
				TargetAttributes = {
					4AFCA4E31A22222500F98D06 = {
						CreatedOnToolsVersion = 6.1;
					};
					4AFCA4FC1A22222500F98D06 = {
						CreatedOnToolsVersion = 6.1;
						TestTargetID = 4AFCA4E31A22222500F98D06;
					};
				};
			};
			buildConfigurationList = 4AFCA4DF1A22222500F98D06 /* Build configuration list for PBXProject "Giraff" */;
			compatibilityVersion = "Xcode 3.2";
			developmentRegion = English;
			hasScannedForEncodings = 0;
			knownRegions = (
				en,
				Base,
			);
			mainGroup = 4AFCA4DB1A22222500F98D06;
			productRefGroup = 4AFCA4E51A22222500F98D06 /* Products */;
			projectDirPath = "";
			projectRoot = "";
			targets = (
				4AFCA4E31A22222500F98D06 /* Giraff */,
				4AFCA4FC1A22222500F98D06 /* GiraffTests */,
			);
		};
/* End PBXProject section */

/* Begin PBXResourcesBuildPhase section */
		4AFCA4E21A22222500F98D06 /* Resources */ = {
			isa = PBXResourcesBuildPhase;
			buildActionMask = 2147483647;
			files = (
				4A3435901A2E5ADF0060C15E /* LaunchScreen.xib in Resources */,
				4A3435911A2E5ADF0060C15E /* Main.storyboard in Resources */,
				4A216BD51A3807C40055300E /* provisiontype in Resources */,
				4A216BD71A3807C40055300E /* setEnv.sh in Resources */,
				4A3435841A2E593D0060C15E /* Images.xcassets in Resources */,
				4A216BD61A3807C40055300E /* setEnv-Example.sh in Resources */,
				4A216BD41A3807C40055300E /* generate-constants in Resources */,
			);
			runOnlyForDeploymentPostprocessing = 0;
		};
		4AFCA4FB1A22222500F98D06 /* Resources */ = {
			isa = PBXResourcesBuildPhase;
			buildActionMask = 2147483647;
			files = (
			);
			runOnlyForDeploymentPostprocessing = 0;
		};
/* End PBXResourcesBuildPhase section */

/* Begin PBXShellScriptBuildPhase section */
		4A216BD91A38083D0055300E /* Generete Sources */ = {
			isa = PBXShellScriptBuildPhase;
			buildActionMask = 2147483647;
			files = (
			);
			inputPaths = (
			);
			name = "Generete Sources";
			outputPaths = (
			);
			runOnlyForDeploymentPostprocessing = 0;
			shellPath = /bin/sh;
			shellScript = "set -e\n\nif [ ! -L \"${PROJECT_DIR}/derived-sources\" ]\nthen\naction=\"Create\"\nelif [ \"$(readlink \"${PROJECT_DIR}/derived-sources\")\" != \"${DERIVED_SOURCES_DIR}\" ]\nthen\naction=\"Replace\"\nfi\nif [ -n \"${action}\" ]\nthen\nrm -f \"${PROJECT_DIR}/derived-sources\"\nprintf \"%s link: \" \"${action}\" && ln -sv \"${DERIVED_SOURCES_DIR}\" \"${PROJECT_DIR}/derived-sources\"\nfi\n\necho \"Generating constants based on build configuration.\"\nmkdir -p \"${DERIVED_SOURCES_DIR}\"\n\"${PROJECT_DIR}/bin/generate-constants\" \\\n\"${CODESIGN_IDENTITY}\" \\\n\"${PROVISIONING_PROFILE_REQUIRED}\" \\\n\"${PROVISIONING_PROFILE}\" > \"${DERIVED_SOURCES_DIR}/GeneratedConstants.m\"\n";
		};
		4A216BDC1A38270B0055300E /* Upload Symbol files to Parse */ = {
			isa = PBXShellScriptBuildPhase;
			buildActionMask = 2147483647;
			files = (
			);
			inputPaths = (
			);
			name = "Upload Symbol files to Parse";
			outputPaths = (
			);
			runOnlyForDeploymentPostprocessing = 0;
			shellPath = /bin/sh;
			shellScript = "export PATH=/usr/local/bin:$PATH\ncd parse\n\nparse symbols \"${DWARF_DSYM_FOLDER_PATH}/${DWARF_DSYM_FILE_NAME}\"";
		};
		5EE90DD7A40C05767A4CEF83 /* Copy Pods Resources */ = {
			isa = PBXShellScriptBuildPhase;
			buildActionMask = 2147483647;
			files = (
			);
			inputPaths = (
			);
			name = "Copy Pods Resources";
			outputPaths = (
			);
			runOnlyForDeploymentPostprocessing = 0;
			shellPath = /bin/sh;
			shellScript = "\"${SRCROOT}/Pods/Target Support Files/Pods/Pods-resources.sh\"\n";
			showEnvVarsInLog = 0;
		};
		76CE0A8C95474B0F6D55CD51 /* Check Pods Manifest.lock */ = {
			isa = PBXShellScriptBuildPhase;
			buildActionMask = 2147483647;
			files = (
			);
			inputPaths = (
			);
			name = "Check Pods Manifest.lock";
			outputPaths = (
			);
			runOnlyForDeploymentPostprocessing = 0;
			shellPath = /bin/sh;
			shellScript = "diff \"${PODS_ROOT}/../Podfile.lock\" \"${PODS_ROOT}/Manifest.lock\" > /dev/null\nif [[ $? != 0 ]] ; then\n    cat << EOM\nerror: The sandbox is not in sync with the Podfile.lock. Run 'pod install' or update your CocoaPods installation.\nEOM\n    exit 1\nfi\n";
			showEnvVarsInLog = 0;
		};
/* End PBXShellScriptBuildPhase section */

/* Begin PBXSourcesBuildPhase section */
		4AFCA4E01A22222500F98D06 /* Sources */ = {
			isa = PBXSourcesBuildPhase;
			buildActionMask = 2147483647;
			files = (
				4A3435871A2E593D0060C15E /* ViewController.m in Sources */,
				4A3435861A2E593D0060C15E /* main.m in Sources */,
				4A3435811A2E593D0060C15E /* AppDelegate.m in Sources */,
				4A216BDB1A3808970055300E /* GeneratedConstants.m in Sources */,
			);
			runOnlyForDeploymentPostprocessing = 0;
		};
		4AFCA4F91A22222500F98D06 /* Sources */ = {
			isa = PBXSourcesBuildPhase;
			buildActionMask = 2147483647;
			files = (
				4A34358D1A2E59930060C15E /* GiraffTests.m in Sources */,
			);
			runOnlyForDeploymentPostprocessing = 0;
		};
/* End PBXSourcesBuildPhase section */

/* Begin PBXTargetDependency section */
		4AFCA4FF1A22222500F98D06 /* PBXTargetDependency */ = {
			isa = PBXTargetDependency;
			target = 4AFCA4E31A22222500F98D06 /* Giraff */;
			targetProxy = 4AFCA4FE1A22222500F98D06 /* PBXContainerItemProxy */;
		};
/* End PBXTargetDependency section */

/* Begin PBXVariantGroup section */
		4A3435781A2E593D0060C15E /* LaunchScreen.xib */ = {
			isa = PBXVariantGroup;
			children = (
				4A3435791A2E593D0060C15E /* Base */,
			);
			name = LaunchScreen.xib;
			sourceTree = "<group>";
		};
		4A34357A1A2E593D0060C15E /* Main.storyboard */ = {
			isa = PBXVariantGroup;
			children = (
				4A34357B1A2E593D0060C15E /* Base */,
			);
			name = Main.storyboard;
			sourceTree = "<group>";
		};
/* End PBXVariantGroup section */

/* Begin XCBuildConfiguration section */
		4AFCA5051A22222500F98D06 /* Debug */ = {
			isa = XCBuildConfiguration;
			buildSettings = {
				ALWAYS_SEARCH_USER_PATHS = NO;
				CLANG_CXX_LANGUAGE_STANDARD = "gnu++0x";
				CLANG_CXX_LIBRARY = "libc++";
				CLANG_ENABLE_MODULES = YES;
				CLANG_ENABLE_OBJC_ARC = YES;
				CLANG_WARN_BOOL_CONVERSION = YES;
				CLANG_WARN_CONSTANT_CONVERSION = YES;
				CLANG_WARN_DIRECT_OBJC_ISA_USAGE = YES_ERROR;
				CLANG_WARN_EMPTY_BODY = YES;
				CLANG_WARN_ENUM_CONVERSION = YES;
				CLANG_WARN_INT_CONVERSION = YES;
				CLANG_WARN_OBJC_ROOT_CLASS = YES_ERROR;
				CLANG_WARN_UNREACHABLE_CODE = YES;
				CLANG_WARN__DUPLICATE_METHOD_MATCH = YES;
				"CODE_SIGN_IDENTITY[sdk=iphoneos*]" = "iPhone Developer";
				COPY_PHASE_STRIP = NO;
				ENABLE_STRICT_OBJC_MSGSEND = YES;
				GCC_C_LANGUAGE_STANDARD = gnu99;
				GCC_DYNAMIC_NO_PIC = NO;
				GCC_OPTIMIZATION_LEVEL = 0;
				GCC_PREPROCESSOR_DEFINITIONS = (
					"DEBUG=1",
					"$(inherited)",
				);
				GCC_SYMBOLS_PRIVATE_EXTERN = NO;
				GCC_WARN_64_TO_32_BIT_CONVERSION = YES;
				GCC_WARN_ABOUT_RETURN_TYPE = YES_ERROR;
				GCC_WARN_UNDECLARED_SELECTOR = YES;
				GCC_WARN_UNINITIALIZED_AUTOS = YES_AGGRESSIVE;
				GCC_WARN_UNUSED_FUNCTION = YES;
				GCC_WARN_UNUSED_VARIABLE = YES;
				IPHONEOS_DEPLOYMENT_TARGET = 8.1;
				MTL_ENABLE_DEBUG_INFO = YES;
				ONLY_ACTIVE_ARCH = YES;
				SDKROOT = iphoneos;
			};
			name = Debug;
		};
		4AFCA5061A22222500F98D06 /* Release */ = {
			isa = XCBuildConfiguration;
			buildSettings = {
				ALWAYS_SEARCH_USER_PATHS = NO;
				CLANG_CXX_LANGUAGE_STANDARD = "gnu++0x";
				CLANG_CXX_LIBRARY = "libc++";
				CLANG_ENABLE_MODULES = YES;
				CLANG_ENABLE_OBJC_ARC = YES;
				CLANG_WARN_BOOL_CONVERSION = YES;
				CLANG_WARN_CONSTANT_CONVERSION = YES;
				CLANG_WARN_DIRECT_OBJC_ISA_USAGE = YES_ERROR;
				CLANG_WARN_EMPTY_BODY = YES;
				CLANG_WARN_ENUM_CONVERSION = YES;
				CLANG_WARN_INT_CONVERSION = YES;
				CLANG_WARN_OBJC_ROOT_CLASS = YES_ERROR;
				CLANG_WARN_UNREACHABLE_CODE = YES;
				CLANG_WARN__DUPLICATE_METHOD_MATCH = YES;
				"CODE_SIGN_IDENTITY[sdk=iphoneos*]" = "iPhone Developer";
				COPY_PHASE_STRIP = YES;
				ENABLE_NS_ASSERTIONS = NO;
				ENABLE_STRICT_OBJC_MSGSEND = YES;
				GCC_C_LANGUAGE_STANDARD = gnu99;
				GCC_WARN_64_TO_32_BIT_CONVERSION = YES;
				GCC_WARN_ABOUT_RETURN_TYPE = YES_ERROR;
				GCC_WARN_UNDECLARED_SELECTOR = YES;
				GCC_WARN_UNINITIALIZED_AUTOS = YES_AGGRESSIVE;
				GCC_WARN_UNUSED_FUNCTION = YES;
				GCC_WARN_UNUSED_VARIABLE = YES;
				IPHONEOS_DEPLOYMENT_TARGET = 8.1;
				MTL_ENABLE_DEBUG_INFO = NO;
				SDKROOT = iphoneos;
				VALIDATE_PRODUCT = YES;
			};
			name = Release;
		};
		4AFCA5081A22222500F98D06 /* Debug */ = {
			isa = XCBuildConfiguration;
			baseConfigurationReference = E81BA114A014E40594EAED7D /* Pods.debug.xcconfig */;
			buildSettings = {
				ASSETCATALOG_COMPILER_APPICON_NAME = AppIcon;
				INFOPLIST_FILE = Giraff/Info.plist;
				LD_RUNPATH_SEARCH_PATHS = "$(inherited) @executable_path/Frameworks";
				PRODUCT_NAME = "$(TARGET_NAME)";
			};
			name = Debug;
		};
		4AFCA5091A22222500F98D06 /* Release */ = {
			isa = XCBuildConfiguration;
			baseConfigurationReference = 0BB53468B56A59C844580B35 /* Pods.release.xcconfig */;
			buildSettings = {
				ASSETCATALOG_COMPILER_APPICON_NAME = AppIcon;
				INFOPLIST_FILE = Giraff/Info.plist;
				LD_RUNPATH_SEARCH_PATHS = "$(inherited) @executable_path/Frameworks";
				PRODUCT_NAME = "$(TARGET_NAME)";
			};
			name = Release;
		};
		4AFCA50B1A22222500F98D06 /* Debug */ = {
			isa = XCBuildConfiguration;
			buildSettings = {
				BUNDLE_LOADER = "$(TEST_HOST)";
				FRAMEWORK_SEARCH_PATHS = (
					"$(SDKROOT)/Developer/Library/Frameworks",
					"$(inherited)",
				);
				GCC_PREPROCESSOR_DEFINITIONS = (
					"DEBUG=1",
					"$(inherited)",
				);
				INFOPLIST_FILE = GiraffTests/Info.plist;
				LD_RUNPATH_SEARCH_PATHS = "$(inherited) @executable_path/Frameworks @loader_path/Frameworks";
				PRODUCT_NAME = "$(TARGET_NAME)";
				TEST_HOST = "$(BUILT_PRODUCTS_DIR)/Giraff.app/Giraff";
			};
			name = Debug;
		};
		4AFCA50C1A22222500F98D06 /* Release */ = {
			isa = XCBuildConfiguration;
			buildSettings = {
				BUNDLE_LOADER = "$(TEST_HOST)";
				FRAMEWORK_SEARCH_PATHS = (
					"$(SDKROOT)/Developer/Library/Frameworks",
					"$(inherited)",
				);
				INFOPLIST_FILE = GiraffTests/Info.plist;
				LD_RUNPATH_SEARCH_PATHS = "$(inherited) @executable_path/Frameworks @loader_path/Frameworks";
				PRODUCT_NAME = "$(TARGET_NAME)";
				TEST_HOST = "$(BUILT_PRODUCTS_DIR)/Giraff.app/Giraff";
			};
			name = Release;
		};
/* End XCBuildConfiguration section */

/* Begin XCConfigurationList section */
		4AFCA4DF1A22222500F98D06 /* Build configuration list for PBXProject "Giraff" */ = {
			isa = XCConfigurationList;
			buildConfigurations = (
				4AFCA5051A22222500F98D06 /* Debug */,
				4AFCA5061A22222500F98D06 /* Release */,
			);
			defaultConfigurationIsVisible = 0;
			defaultConfigurationName = Release;
		};
		4AFCA5071A22222500F98D06 /* Build configuration list for PBXNativeTarget "Giraff" */ = {
			isa = XCConfigurationList;
			buildConfigurations = (
				4AFCA5081A22222500F98D06 /* Debug */,
				4AFCA5091A22222500F98D06 /* Release */,
			);
			defaultConfigurationIsVisible = 0;
			defaultConfigurationName = Release;
		};
		4AFCA50A1A22222500F98D06 /* Build configuration list for PBXNativeTarget "GiraffTests" */ = {
			isa = XCConfigurationList;
			buildConfigurations = (
				4AFCA50B1A22222500F98D06 /* Debug */,
				4AFCA50C1A22222500F98D06 /* Release */,
			);
			defaultConfigurationIsVisible = 0;
			defaultConfigurationName = Release;
		};
/* End XCConfigurationList section */
	};
	rootObject = 4AFCA4DC1A22222500F98D06 /* Project object */;
}
