// !$*UTF8*$!
{
	archiveVersion = 1;
	classes = {
	};
	objectVersion = 46;
	objects = {

/* Begin PBXBuildFile section */
		0179C2571A85484E00A36023 /* FacebookSDK.framework in Frameworks */ = {isa = PBXBuildFile; fileRef = 0179C2541A85484E00A36023 /* FacebookSDK.framework */; };
		0179C2581A85484E00A36023 /* FBAudienceNetwork.framework in Frameworks */ = {isa = PBXBuildFile; fileRef = 0179C2551A85484E00A36023 /* FBAudienceNetwork.framework */; };
		0179C25A1A854A9400A36023 /* LoginViewController.swift in Sources */ = {isa = PBXBuildFile; fileRef = 0179C2591A854A9400A36023 /* LoginViewController.swift */; };
		55431B6F1A8945ED00F28569 /* FunSession.swift in Sources */ = {isa = PBXBuildFile; fileRef = 55431B6E1A8945ED00F28569 /* FunSession.swift */; };
		557FF6B91A85432C00895DC0 /* Card.swift in Sources */ = {isa = PBXBuildFile; fileRef = 557FF6B81A85432C00895DC0 /* Card.swift */; };
		557FF6BB1A85478400895DC0 /* Deck.swift in Sources */ = {isa = PBXBuildFile; fileRef = 557FF6BA1A85478400895DC0 /* Deck.swift */; };
		55A957171A88569D002A5F66 /* configuration.plist in Resources */ = {isa = PBXBuildFile; fileRef = 55A957161A88569D002A5F66 /* configuration.plist */; };
		55ADA6AC1A8419B100A588BD /* spinner.gif in Resources */ = {isa = PBXBuildFile; fileRef = 55ADA6AB1A8419B100A588BD /* spinner.gif */; };
		55ADA6AE1A841A3700A588BD /* GifView.swift in Sources */ = {isa = PBXBuildFile; fileRef = 55ADA6AD1A841A3700A588BD /* GifView.swift */; };
		55ADA6B01A843C6400A588BD /* MediaPlayer.framework in Frameworks */ = {isa = PBXBuildFile; fileRef = 55ADA6AF1A843C6400A588BD /* MediaPlayer.framework */; };
		55CFA5DA1A8B3EBA00E1CDE2 /* FaveViewController.swift in Sources */ = {isa = PBXBuildFile; fileRef = 55CFA5D91A8B3EBA00E1CDE2 /* FaveViewController.swift */; };
		55E8E7C01A82E5540087F086 /* AppDelegate.swift in Sources */ = {isa = PBXBuildFile; fileRef = 55E8E7BF1A82E5540087F086 /* AppDelegate.swift */; };
		55E8E7C21A82E5540087F086 /* StreamViewController.swift in Sources */ = {isa = PBXBuildFile; fileRef = 55E8E7C11A82E5540087F086 /* StreamViewController.swift */; };
		55E8E7C51A82E5540087F086 /* Main.storyboard in Resources */ = {isa = PBXBuildFile; fileRef = 55E8E7C31A82E5540087F086 /* Main.storyboard */; };
		55E8E7C71A82E5540087F086 /* Images.xcassets in Resources */ = {isa = PBXBuildFile; fileRef = 55E8E7C61A82E5540087F086 /* Images.xcassets */; };
		55E8E7D61A82E5540087F086 /* FunTests.swift in Sources */ = {isa = PBXBuildFile; fileRef = 55E8E7D51A82E5540087F086 /* FunTests.swift */; };
		D48D6C0E3A66A0FBCB2A5D86 /* libPods.a in Frameworks */ = {isa = PBXBuildFile; fileRef = 6700CA7FD39135D61A9D87A2 /* libPods.a */; };
/* End PBXBuildFile section */

/* Begin PBXContainerItemProxy section */
		55E8E7D01A82E5540087F086 /* PBXContainerItemProxy */ = {
			isa = PBXContainerItemProxy;
			containerPortal = 55E8E7B21A82E5540087F086 /* Project object */;
			proxyType = 1;
			remoteGlobalIDString = 55E8E7B91A82E5540087F086;
			remoteInfo = Fun;
		};
/* End PBXContainerItemProxy section */

/* Begin PBXFileReference section */
		0179C2541A85484E00A36023 /* FacebookSDK.framework */ = {isa = PBXFileReference; lastKnownFileType = wrapper.framework; path = FacebookSDK.framework; sourceTree = "<group>"; };
		0179C2551A85484E00A36023 /* FBAudienceNetwork.framework */ = {isa = PBXFileReference; lastKnownFileType = wrapper.framework; path = FBAudienceNetwork.framework; sourceTree = "<group>"; };
		0179C2591A854A9400A36023 /* LoginViewController.swift */ = {isa = PBXFileReference; fileEncoding = 4; lastKnownFileType = sourcecode.swift; path = LoginViewController.swift; sourceTree = "<group>"; };
		55431B6E1A8945ED00F28569 /* FunSession.swift */ = {isa = PBXFileReference; fileEncoding = 4; lastKnownFileType = sourcecode.swift; path = FunSession.swift; sourceTree = "<group>"; };
		557FF6B81A85432C00895DC0 /* Card.swift */ = {isa = PBXFileReference; fileEncoding = 4; lastKnownFileType = sourcecode.swift; path = Card.swift; sourceTree = "<group>"; };
		557FF6BA1A85478400895DC0 /* Deck.swift */ = {isa = PBXFileReference; fileEncoding = 4; lastKnownFileType = sourcecode.swift; path = Deck.swift; sourceTree = "<group>"; };
		55A957161A88569D002A5F66 /* configuration.plist */ = {isa = PBXFileReference; fileEncoding = 4; lastKnownFileType = text.plist.xml; path = configuration.plist; sourceTree = SOURCE_ROOT; };
		55ADA6AB1A8419B100A588BD /* spinner.gif */ = {isa = PBXFileReference; lastKnownFileType = image.gif; path = spinner.gif; sourceTree = "<group>"; };
		55ADA6AD1A841A3700A588BD /* GifView.swift */ = {isa = PBXFileReference; fileEncoding = 4; lastKnownFileType = sourcecode.swift; path = GifView.swift; sourceTree = "<group>"; };
		55ADA6AF1A843C6400A588BD /* MediaPlayer.framework */ = {isa = PBXFileReference; lastKnownFileType = wrapper.framework; name = MediaPlayer.framework; path = System/Library/Frameworks/MediaPlayer.framework; sourceTree = SDKROOT; };
		55CFA5D91A8B3EBA00E1CDE2 /* FaveViewController.swift */ = {isa = PBXFileReference; fileEncoding = 4; lastKnownFileType = sourcecode.swift; path = FaveViewController.swift; sourceTree = "<group>"; };
		55E8E7BA1A82E5540087F086 /* Fun.app */ = {isa = PBXFileReference; explicitFileType = wrapper.application; includeInIndex = 0; path = Fun.app; sourceTree = BUILT_PRODUCTS_DIR; };
		55E8E7BE1A82E5540087F086 /* Info.plist */ = {isa = PBXFileReference; lastKnownFileType = text.plist.xml; path = Info.plist; sourceTree = "<group>"; };
		55E8E7BF1A82E5540087F086 /* AppDelegate.swift */ = {isa = PBXFileReference; lastKnownFileType = sourcecode.swift; path = AppDelegate.swift; sourceTree = "<group>"; };
		55E8E7C11A82E5540087F086 /* StreamViewController.swift */ = {isa = PBXFileReference; lastKnownFileType = sourcecode.swift; path = StreamViewController.swift; sourceTree = "<group>"; };
		55E8E7C41A82E5540087F086 /* Base */ = {isa = PBXFileReference; lastKnownFileType = file.storyboard; name = Base; path = Base.lproj/Main.storyboard; sourceTree = "<group>"; };
		55E8E7C61A82E5540087F086 /* Images.xcassets */ = {isa = PBXFileReference; lastKnownFileType = folder.assetcatalog; path = Images.xcassets; sourceTree = "<group>"; };
		55E8E7CF1A82E5540087F086 /* FunTests.xctest */ = {isa = PBXFileReference; explicitFileType = wrapper.cfbundle; includeInIndex = 0; path = FunTests.xctest; sourceTree = BUILT_PRODUCTS_DIR; };
		55E8E7D41A82E5540087F086 /* Info.plist */ = {isa = PBXFileReference; lastKnownFileType = text.plist.xml; path = Info.plist; sourceTree = "<group>"; };
		55E8E7D51A82E5540087F086 /* FunTests.swift */ = {isa = PBXFileReference; lastKnownFileType = sourcecode.swift; path = FunTests.swift; sourceTree = "<group>"; };
		55E8E7E61A82FFFE0087F086 /* Bridging-Header.h */ = {isa = PBXFileReference; lastKnownFileType = sourcecode.c.h; path = "Bridging-Header.h"; sourceTree = "<group>"; };
		6700CA7FD39135D61A9D87A2 /* libPods.a */ = {isa = PBXFileReference; explicitFileType = archive.ar; includeInIndex = 0; path = libPods.a; sourceTree = BUILT_PRODUCTS_DIR; };
		E5C330177C5833B47905205C /* Pods.release.xcconfig */ = {isa = PBXFileReference; includeInIndex = 1; lastKnownFileType = text.xcconfig; name = Pods.release.xcconfig; path = "Pods/Target Support Files/Pods/Pods.release.xcconfig"; sourceTree = "<group>"; };
		EDC99AFFA61A5C9BE9BFF0C6 /* Pods.debug.xcconfig */ = {isa = PBXFileReference; includeInIndex = 1; lastKnownFileType = text.xcconfig; name = Pods.debug.xcconfig; path = "Pods/Target Support Files/Pods/Pods.debug.xcconfig"; sourceTree = "<group>"; };
/* End PBXFileReference section */

/* Begin PBXFrameworksBuildPhase section */
		55E8E7B71A82E5540087F086 /* Frameworks */ = {
			isa = PBXFrameworksBuildPhase;
			buildActionMask = 2147483647;
			files = (
				0179C2571A85484E00A36023 /* FacebookSDK.framework in Frameworks */,
				55ADA6B01A843C6400A588BD /* MediaPlayer.framework in Frameworks */,
				0179C2581A85484E00A36023 /* FBAudienceNetwork.framework in Frameworks */,
				D48D6C0E3A66A0FBCB2A5D86 /* libPods.a in Frameworks */,
			);
			runOnlyForDeploymentPostprocessing = 0;
		};
		55E8E7CC1A82E5540087F086 /* Frameworks */ = {
			isa = PBXFrameworksBuildPhase;
			buildActionMask = 2147483647;
			files = (
			);
			runOnlyForDeploymentPostprocessing = 0;
		};
/* End PBXFrameworksBuildPhase section */

/* Begin PBXGroup section */
		55E8E7B11A82E5540087F086 = {
			isa = PBXGroup;
			children = (
				55E8E7BC1A82E5540087F086 /* Fun */,
				55E8E7D21A82E5540087F086 /* FunTests */,
				55E8E7BB1A82E5540087F086 /* Products */,
				72ACC241F9C1715B942659FF /* Pods */,
				C22EA1241867548343ED9419 /* Frameworks */,
			);
			sourceTree = "<group>";
		};
		55E8E7BB1A82E5540087F086 /* Products */ = {
			isa = PBXGroup;
			children = (
				55E8E7BA1A82E5540087F086 /* Fun.app */,
				55E8E7CF1A82E5540087F086 /* FunTests.xctest */,
			);
			name = Products;
			sourceTree = "<group>";
		};
		55E8E7BC1A82E5540087F086 /* Fun */ = {
			isa = PBXGroup;
			children = (
				55A957161A88569D002A5F66 /* configuration.plist */,
				55ADA6AB1A8419B100A588BD /* spinner.gif */,
				55E8E7BF1A82E5540087F086 /* AppDelegate.swift */,
				55E8E7C11A82E5540087F086 /* StreamViewController.swift */,
				55E8E7C31A82E5540087F086 /* Main.storyboard */,
				55E8E7C61A82E5540087F086 /* Images.xcassets */,
				55E8E7BD1A82E5540087F086 /* Supporting Files */,
				55E8E7E61A82FFFE0087F086 /* Bridging-Header.h */,
				55ADA6AD1A841A3700A588BD /* GifView.swift */,
				0179C2591A854A9400A36023 /* LoginViewController.swift */,
				557FF6B81A85432C00895DC0 /* Card.swift */,
				557FF6BA1A85478400895DC0 /* Deck.swift */,
				55431B6E1A8945ED00F28569 /* FunSession.swift */,
				55CFA5D91A8B3EBA00E1CDE2 /* FaveViewController.swift */,
			);
			path = Fun;
			sourceTree = "<group>";
		};
		55E8E7BD1A82E5540087F086 /* Supporting Files */ = {
			isa = PBXGroup;
			children = (
				55E8E7BE1A82E5540087F086 /* Info.plist */,
			);
			name = "Supporting Files";
			sourceTree = "<group>";
		};
		55E8E7D21A82E5540087F086 /* FunTests */ = {
			isa = PBXGroup;
			children = (
				55E8E7D51A82E5540087F086 /* FunTests.swift */,
				55E8E7D31A82E5540087F086 /* Supporting Files */,
			);
			path = FunTests;
			sourceTree = "<group>";
		};
		55E8E7D31A82E5540087F086 /* Supporting Files */ = {
			isa = PBXGroup;
			children = (
				55E8E7D41A82E5540087F086 /* Info.plist */,
			);
			name = "Supporting Files";
			sourceTree = "<group>";
		};
		72ACC241F9C1715B942659FF /* Pods */ = {
			isa = PBXGroup;
			children = (
				EDC99AFFA61A5C9BE9BFF0C6 /* Pods.debug.xcconfig */,
				E5C330177C5833B47905205C /* Pods.release.xcconfig */,
			);
			name = Pods;
			sourceTree = "<group>";
		};
		C22EA1241867548343ED9419 /* Frameworks */ = {
			isa = PBXGroup;
			children = (
				0179C2541A85484E00A36023 /* FacebookSDK.framework */,
				0179C2551A85484E00A36023 /* FBAudienceNetwork.framework */,
				55ADA6AF1A843C6400A588BD /* MediaPlayer.framework */,
				6700CA7FD39135D61A9D87A2 /* libPods.a */,
			);
			name = Frameworks;
			sourceTree = "<group>";
		};
/* End PBXGroup section */

/* Begin PBXNativeTarget section */
		55E8E7B91A82E5540087F086 /* Fun */ = {
			isa = PBXNativeTarget;
			buildConfigurationList = 55E8E7D91A82E5540087F086 /* Build configuration list for PBXNativeTarget "Fun" */;
			buildPhases = (
				FCCB32077F18129C1264EB7F /* Check Pods Manifest.lock */,
				55E8E7B61A82E5540087F086 /* Sources */,
				55E8E7B71A82E5540087F086 /* Frameworks */,
				55E8E7B81A82E5540087F086 /* Resources */,
				B3510490736DFAB4AFCA57FC /* Copy Pods Resources */,
			);
			buildRules = (
			);
			dependencies = (
			);
			name = Fun;
			productName = Fun;
			productReference = 55E8E7BA1A82E5540087F086 /* Fun.app */;
			productType = "com.apple.product-type.application";
		};
		55E8E7CE1A82E5540087F086 /* FunTests */ = {
			isa = PBXNativeTarget;
			buildConfigurationList = 55E8E7DC1A82E5540087F086 /* Build configuration list for PBXNativeTarget "FunTests" */;
			buildPhases = (
				55E8E7CB1A82E5540087F086 /* Sources */,
				55E8E7CC1A82E5540087F086 /* Frameworks */,
				55E8E7CD1A82E5540087F086 /* Resources */,
			);
			buildRules = (
			);
			dependencies = (
				55E8E7D11A82E5540087F086 /* PBXTargetDependency */,
			);
			name = FunTests;
			productName = FunTests;
			productReference = 55E8E7CF1A82E5540087F086 /* FunTests.xctest */;
			productType = "com.apple.product-type.bundle.unit-test";
		};
/* End PBXNativeTarget section */

/* Begin PBXProject section */
		55E8E7B21A82E5540087F086 /* Project object */ = {
			isa = PBXProject;
			attributes = {
				LastUpgradeCheck = 0610;
				ORGANIZATIONNAME = Assembly;
				TargetAttributes = {
					55E8E7B91A82E5540087F086 = {
						CreatedOnToolsVersion = 6.1.1;
						DevelopmentTeam = X6E8S7R9CM;
					};
					55E8E7CE1A82E5540087F086 = {
						CreatedOnToolsVersion = 6.1.1;
						TestTargetID = 55E8E7B91A82E5540087F086;
					};
				};
			};
			buildConfigurationList = 55E8E7B51A82E5540087F086 /* Build configuration list for PBXProject "Fun" */;
			compatibilityVersion = "Xcode 3.2";
			developmentRegion = English;
			hasScannedForEncodings = 0;
			knownRegions = (
				en,
				Base,
				he,
			);
			mainGroup = 55E8E7B11A82E5540087F086;
			productRefGroup = 55E8E7BB1A82E5540087F086 /* Products */;
			projectDirPath = "";
			projectRoot = "";
			targets = (
				55E8E7B91A82E5540087F086 /* Fun */,
				55E8E7CE1A82E5540087F086 /* FunTests */,
			);
		};
/* End PBXProject section */

/* Begin PBXResourcesBuildPhase section */
		55E8E7B81A82E5540087F086 /* Resources */ = {
			isa = PBXResourcesBuildPhase;
			buildActionMask = 2147483647;
			files = (
				55A957171A88569D002A5F66 /* configuration.plist in Resources */,
				55E8E7C51A82E5540087F086 /* Main.storyboard in Resources */,
				55ADA6AC1A8419B100A588BD /* spinner.gif in Resources */,
				55E8E7C71A82E5540087F086 /* Images.xcassets in Resources */,
			);
			runOnlyForDeploymentPostprocessing = 0;
		};
		55E8E7CD1A82E5540087F086 /* Resources */ = {
			isa = PBXResourcesBuildPhase;
			buildActionMask = 2147483647;
			files = (
			);
			runOnlyForDeploymentPostprocessing = 0;
		};
/* End PBXResourcesBuildPhase section */

/* Begin PBXShellScriptBuildPhase section */
		B3510490736DFAB4AFCA57FC /* Copy Pods Resources */ = {
			isa = PBXShellScriptBuildPhase;
			buildActionMask = 2147483647;
			files = (
			);
			inputPaths = (
			);
			name = "Copy Pods Resources";
			outputPaths = (
			);
			runOnlyForDeploymentPostprocessing = 0;
			shellPath = /bin/sh;
			shellScript = "\"${SRCROOT}/Pods/Target Support Files/Pods/Pods-resources.sh\"\n";
			showEnvVarsInLog = 0;
		};
		FCCB32077F18129C1264EB7F /* Check Pods Manifest.lock */ = {
			isa = PBXShellScriptBuildPhase;
			buildActionMask = 2147483647;
			files = (
			);
			inputPaths = (
			);
			name = "Check Pods Manifest.lock";
			outputPaths = (
			);
			runOnlyForDeploymentPostprocessing = 0;
			shellPath = /bin/sh;
			shellScript = "diff \"${PODS_ROOT}/../Podfile.lock\" \"${PODS_ROOT}/Manifest.lock\" > /dev/null\nif [[ $? != 0 ]] ; then\n    cat << EOM\nerror: The sandbox is not in sync with the Podfile.lock. Run 'pod install' or update your CocoaPods installation.\nEOM\n    exit 1\nfi\n";
			showEnvVarsInLog = 0;
		};
/* End PBXShellScriptBuildPhase section */

/* Begin PBXSourcesBuildPhase section */
		55E8E7B61A82E5540087F086 /* Sources */ = {
			isa = PBXSourcesBuildPhase;
			buildActionMask = 2147483647;
			files = (
				55431B6F1A8945ED00F28569 /* FunSession.swift in Sources */,
				0179C25A1A854A9400A36023 /* LoginViewController.swift in Sources */,
				55E8E7C21A82E5540087F086 /* StreamViewController.swift in Sources */,
				55ADA6AE1A841A3700A588BD /* GifView.swift in Sources */,
				557FF6BB1A85478400895DC0 /* Deck.swift in Sources */,
				55CFA5DA1A8B3EBA00E1CDE2 /* FaveViewController.swift in Sources */,
				55E8E7C01A82E5540087F086 /* AppDelegate.swift in Sources */,
				557FF6B91A85432C00895DC0 /* Card.swift in Sources */,
			);
			runOnlyForDeploymentPostprocessing = 0;
		};
		55E8E7CB1A82E5540087F086 /* Sources */ = {
			isa = PBXSourcesBuildPhase;
			buildActionMask = 2147483647;
			files = (
				55E8E7D61A82E5540087F086 /* FunTests.swift in Sources */,
			);
			runOnlyForDeploymentPostprocessing = 0;
		};
/* End PBXSourcesBuildPhase section */

/* Begin PBXTargetDependency section */
		55E8E7D11A82E5540087F086 /* PBXTargetDependency */ = {
			isa = PBXTargetDependency;
			target = 55E8E7B91A82E5540087F086 /* Fun */;
			targetProxy = 55E8E7D01A82E5540087F086 /* PBXContainerItemProxy */;
		};
/* End PBXTargetDependency section */

/* Begin PBXVariantGroup section */
		55E8E7C31A82E5540087F086 /* Main.storyboard */ = {
			isa = PBXVariantGroup;
			children = (
				55E8E7C41A82E5540087F086 /* Base */,
			);
			name = Main.storyboard;
			sourceTree = "<group>";
		};
/* End PBXVariantGroup section */

/* Begin XCBuildConfiguration section */
		55E8E7D71A82E5540087F086 /* Debug */ = {
			isa = XCBuildConfiguration;
			buildSettings = {
				ALWAYS_SEARCH_USER_PATHS = NO;
				CLANG_CXX_LANGUAGE_STANDARD = "gnu++0x";
				CLANG_CXX_LIBRARY = "libc++";
				CLANG_ENABLE_MODULES = YES;
				CLANG_ENABLE_OBJC_ARC = YES;
				CLANG_WARN_BOOL_CONVERSION = YES;
				CLANG_WARN_CONSTANT_CONVERSION = YES;
				CLANG_WARN_DIRECT_OBJC_ISA_USAGE = YES_ERROR;
				CLANG_WARN_EMPTY_BODY = YES;
				CLANG_WARN_ENUM_CONVERSION = YES;
				CLANG_WARN_INT_CONVERSION = YES;
				CLANG_WARN_OBJC_ROOT_CLASS = YES_ERROR;
				CLANG_WARN_UNREACHABLE_CODE = YES;
				CLANG_WARN__DUPLICATE_METHOD_MATCH = YES;
				"CODE_SIGN_IDENTITY[sdk=iphoneos*]" = "iPhone Developer";
				COPY_PHASE_STRIP = NO;
				ENABLE_STRICT_OBJC_MSGSEND = YES;
				GCC_C_LANGUAGE_STANDARD = gnu99;
				GCC_DYNAMIC_NO_PIC = NO;
				GCC_OPTIMIZATION_LEVEL = 0;
				GCC_PREPROCESSOR_DEFINITIONS = (
					"DEBUG=1",
					"$(inherited)",
				);
				GCC_SYMBOLS_PRIVATE_EXTERN = NO;
				GCC_WARN_64_TO_32_BIT_CONVERSION = YES;
				GCC_WARN_ABOUT_RETURN_TYPE = YES_ERROR;
				GCC_WARN_UNDECLARED_SELECTOR = YES;
				GCC_WARN_UNINITIALIZED_AUTOS = YES_AGGRESSIVE;
				GCC_WARN_UNUSED_FUNCTION = YES;
				GCC_WARN_UNUSED_VARIABLE = YES;
				IPHONEOS_DEPLOYMENT_TARGET = 8.1;
				MTL_ENABLE_DEBUG_INFO = YES;
				ONLY_ACTIVE_ARCH = YES;
				SDKROOT = iphoneos;
				SWIFT_OPTIMIZATION_LEVEL = "-Onone";
				USER_HEADER_SEARCH_PATHS = "";
			};
			name = Debug;
		};
		55E8E7D81A82E5540087F086 /* Release */ = {
			isa = XCBuildConfiguration;
			buildSettings = {
				ALWAYS_SEARCH_USER_PATHS = NO;
				CLANG_CXX_LANGUAGE_STANDARD = "gnu++0x";
				CLANG_CXX_LIBRARY = "libc++";
				CLANG_ENABLE_MODULES = YES;
				CLANG_ENABLE_OBJC_ARC = YES;
				CLANG_WARN_BOOL_CONVERSION = YES;
				CLANG_WARN_CONSTANT_CONVERSION = YES;
				CLANG_WARN_DIRECT_OBJC_ISA_USAGE = YES_ERROR;
				CLANG_WARN_EMPTY_BODY = YES;
				CLANG_WARN_ENUM_CONVERSION = YES;
				CLANG_WARN_INT_CONVERSION = YES;
				CLANG_WARN_OBJC_ROOT_CLASS = YES_ERROR;
				CLANG_WARN_UNREACHABLE_CODE = YES;
				CLANG_WARN__DUPLICATE_METHOD_MATCH = YES;
				"CODE_SIGN_IDENTITY[sdk=iphoneos*]" = "iPhone Developer";
				COPY_PHASE_STRIP = YES;
				ENABLE_NS_ASSERTIONS = NO;
				ENABLE_STRICT_OBJC_MSGSEND = YES;
				GCC_C_LANGUAGE_STANDARD = gnu99;
				GCC_WARN_64_TO_32_BIT_CONVERSION = YES;
				GCC_WARN_ABOUT_RETURN_TYPE = YES_ERROR;
				GCC_WARN_UNDECLARED_SELECTOR = YES;
				GCC_WARN_UNINITIALIZED_AUTOS = YES_AGGRESSIVE;
				GCC_WARN_UNUSED_FUNCTION = YES;
				GCC_WARN_UNUSED_VARIABLE = YES;
				IPHONEOS_DEPLOYMENT_TARGET = 8.1;
				MTL_ENABLE_DEBUG_INFO = NO;
				SDKROOT = iphoneos;
				USER_HEADER_SEARCH_PATHS = "";
				VALIDATE_PRODUCT = YES;
			};
			name = Release;
		};
		55E8E7DA1A82E5540087F086 /* Debug */ = {
			isa = XCBuildConfiguration;
			baseConfigurationReference = EDC99AFFA61A5C9BE9BFF0C6 /* Pods.debug.xcconfig */;
			buildSettings = {
				ASSETCATALOG_COMPILER_APPICON_NAME = AppIcon;
				ASSETCATALOG_COMPILER_LAUNCHIMAGE_NAME = LaunchImage;
				CODE_SIGN_IDENTITY = "iPhone Developer";
				"CODE_SIGN_IDENTITY[sdk=iphoneos*]" = "iPhone Developer";
				FRAMEWORK_SEARCH_PATHS = (
					"$(inherited)",
					"$(PROJECT_DIR)",
				);
				INFOPLIST_FILE = Fun/Info.plist;
				LD_RUNPATH_SEARCH_PATHS = "$(inherited) @executable_path/Frameworks";
				PRODUCT_NAME = "$(TARGET_NAME)";
				PROVISIONING_PROFILE = "";
				SWIFT_OBJC_BRIDGING_HEADER = "Fun/Bridging-Header.h";
			};
			name = Debug;
		};
		55E8E7DB1A82E5540087F086 /* Release */ = {
			isa = XCBuildConfiguration;
			baseConfigurationReference = E5C330177C5833B47905205C /* Pods.release.xcconfig */;
			buildSettings = {
				ASSETCATALOG_COMPILER_APPICON_NAME = AppIcon;
				ASSETCATALOG_COMPILER_LAUNCHIMAGE_NAME = LaunchImage;
				CODE_SIGN_IDENTITY = "iPhone Developer";
				"CODE_SIGN_IDENTITY[sdk=iphoneos*]" = "iPhone Developer";
				FRAMEWORK_SEARCH_PATHS = (
					"$(inherited)",
					"$(PROJECT_DIR)",
				);
				INFOPLIST_FILE = Fun/Info.plist;
				LD_RUNPATH_SEARCH_PATHS = "$(inherited) @executable_path/Frameworks";
				PRODUCT_NAME = "$(TARGET_NAME)";
				PROVISIONING_PROFILE = "";
				SWIFT_OBJC_BRIDGING_HEADER = "Fun/Bridging-Header.h";
			};
			name = Release;
		};
		55E8E7DD1A82E5540087F086 /* Debug */ = {
			isa = XCBuildConfiguration;
			buildSettings = {
				BUNDLE_LOADER = "$(TEST_HOST)";
				FRAMEWORK_SEARCH_PATHS = (
					"$(SDKROOT)/Developer/Library/Frameworks",
					"$(inherited)",
				);
				GCC_PREPROCESSOR_DEFINITIONS = (
					"DEBUG=1",
					"$(inherited)",
				);
				INFOPLIST_FILE = FunTests/Info.plist;
				LD_RUNPATH_SEARCH_PATHS = "$(inherited) @executable_path/Frameworks @loader_path/Frameworks";
				PRODUCT_NAME = "$(TARGET_NAME)";
				TEST_HOST = "$(BUILT_PRODUCTS_DIR)/Fun.app/Fun";
			};
			name = Debug;
		};
		55E8E7DE1A82E5540087F086 /* Release */ = {
			isa = XCBuildConfiguration;
			buildSettings = {
				BUNDLE_LOADER = "$(TEST_HOST)";
				FRAMEWORK_SEARCH_PATHS = (
					"$(SDKROOT)/Developer/Library/Frameworks",
					"$(inherited)",
				);
				INFOPLIST_FILE = FunTests/Info.plist;
				LD_RUNPATH_SEARCH_PATHS = "$(inherited) @executable_path/Frameworks @loader_path/Frameworks";
				PRODUCT_NAME = "$(TARGET_NAME)";
				TEST_HOST = "$(BUILT_PRODUCTS_DIR)/Fun.app/Fun";
			};
			name = Release;
		};
/* End XCBuildConfiguration section */

/* Begin XCConfigurationList section */
		55E8E7B51A82E5540087F086 /* Build configuration list for PBXProject "Fun" */ = {
			isa = XCConfigurationList;
			buildConfigurations = (
				55E8E7D71A82E5540087F086 /* Debug */,
				55E8E7D81A82E5540087F086 /* Release */,
			);
			defaultConfigurationIsVisible = 0;
			defaultConfigurationName = Release;
		};
		55E8E7D91A82E5540087F086 /* Build configuration list for PBXNativeTarget "Fun" */ = {
			isa = XCConfigurationList;
			buildConfigurations = (
				55E8E7DA1A82E5540087F086 /* Debug */,
				55E8E7DB1A82E5540087F086 /* Release */,
			);
			defaultConfigurationIsVisible = 0;
			defaultConfigurationName = Release;
		};
		55E8E7DC1A82E5540087F086 /* Build configuration list for PBXNativeTarget "FunTests" */ = {
			isa = XCConfigurationList;
			buildConfigurations = (
				55E8E7DD1A82E5540087F086 /* Debug */,
				55E8E7DE1A82E5540087F086 /* Release */,
			);
			defaultConfigurationIsVisible = 0;
			defaultConfigurationName = Release;
		};
/* End XCConfigurationList section */
	};
	rootObject = 55E8E7B21A82E5540087F086 /* Project object */;
}
